
Microsoft Visual Studio Solution File, Format Version 12.00
# Visual Studio Version 16
VisualStudioVersion = 16.0.29411.108
MinimumVisualStudioVersion = 10.0.40219.1
Project("{FAE04EC0-301F-11D3-BF4B-00C04F79EFBC}") = "zadanie3", "zadanie3\zadanie3.csproj", "{32415B41-54B9-4527-B8CC-13AC213FF9C4}"
EndProject
Global
	GlobalSection(SolutionConfigurationPlatforms) = preSolution
		Debug|Any CPU = Debug|Any CPU
		Release|Any CPU = Release|Any CPU
	EndGlobalSection
	GlobalSection(ProjectConfigurationPlatforms) = postSolution
		{32415B41-54B9-4527-B8CC-13AC213FF9C4}.Debug|Any CPU.ActiveCfg = Debug|Any CPU
		{32415B41-54B9-4527-B8CC-13AC213FF9C4}.Debug|Any CPU.Build.0 = Debug|Any CPU
		{32415B41-54B9-4527-B8CC-13AC213FF9C4}.Release|Any CPU.ActiveCfg = Release|Any CPU
		{32415B41-54B9-4527-B8CC-13AC213FF9C4}.Release|Any CPU.Build.0 = Release|Any CPU
	EndGlobalSection
	GlobalSection(SolutionProperties) = preSolution
		HideSolutionNode = FALSE
	EndGlobalSection
	GlobalSection(ExtensibilityGlobals) = postSolution
		SolutionGuid = {034A0B85-C4D5-49EB-86EF-15BC4CC44677}
	EndGlobalSection
EndGlobal
