
Microsoft Visual Studio Solution File, Format Version 12.00
# Visual Studio Version 16
VisualStudioVersion = 16.0.29324.140
MinimumVisualStudioVersion = 10.0.40219.1
Project("{FAE04EC0-301F-11D3-BF4B-00C04F79EFBC}") = "choinka", "choinka\choinka.csproj", "{310F89F9-1943-40EC-952C-9A50E6061437}"
EndProject
Global
	GlobalSection(SolutionConfigurationPlatforms) = preSolution
		Debug|Any CPU = Debug|Any CPU
		Release|Any CPU = Release|Any CPU
	EndGlobalSection
	GlobalSection(ProjectConfigurationPlatforms) = postSolution
		{310F89F9-1943-40EC-952C-9A50E6061437}.Debug|Any CPU.ActiveCfg = Debug|Any CPU
		{310F89F9-1943-40EC-952C-9A50E6061437}.Debug|Any CPU.Build.0 = Debug|Any CPU
		{310F89F9-1943-40EC-952C-9A50E6061437}.Release|Any CPU.ActiveCfg = Release|Any CPU
		{310F89F9-1943-40EC-952C-9A50E6061437}.Release|Any CPU.Build.0 = Release|Any CPU
	EndGlobalSection
	GlobalSection(SolutionProperties) = preSolution
		HideSolutionNode = FALSE
	EndGlobalSection
	GlobalSection(ExtensibilityGlobals) = postSolution
		SolutionGuid = {ABEE9C91-A2D4-49E3-B26E-FC5398A3F435}
	EndGlobalSection
EndGlobal
