
Microsoft Visual Studio Solution File, Format Version 12.00
# Visual Studio Version 16
VisualStudioVersion = 16.0.30717.126
MinimumVisualStudioVersion = 10.0.40219.1
Project("{FAE04EC0-301F-11D3-BF4B-00C04F79EFBC}") = "EmployeeDatabaseK25", "EmployeeDatabaseK25\EmployeeDatabaseK25.csproj", "{4285AC72-800B-4313-8DD9-ECDF2CA2162D}"
EndProject
Global
	GlobalSection(SolutionConfigurationPlatforms) = preSolution
		Debug|Any CPU = Debug|Any CPU
		Release|Any CPU = Release|Any CPU
	EndGlobalSection
	GlobalSection(ProjectConfigurationPlatforms) = postSolution
		{4285AC72-800B-4313-8DD9-ECDF2CA2162D}.Debug|Any CPU.ActiveCfg = Debug|Any CPU
		{4285AC72-800B-4313-8DD9-ECDF2CA2162D}.Debug|Any CPU.Build.0 = Debug|Any CPU
		{4285AC72-800B-4313-8DD9-ECDF2CA2162D}.Release|Any CPU.ActiveCfg = Release|Any CPU
		{4285AC72-800B-4313-8DD9-ECDF2CA2162D}.Release|Any CPU.Build.0 = Release|Any CPU
	EndGlobalSection
	GlobalSection(SolutionProperties) = preSolution
		HideSolutionNode = FALSE
	EndGlobalSection
	GlobalSection(ExtensibilityGlobals) = postSolution
		SolutionGuid = {419DC1A1-DE4E-4B85-80A5-9048E1311708}
	EndGlobalSection
EndGlobal
